
Microsoft Visual Studio Solution File, Format Version 12.00
# Visual Studio 15
Project("{FAE04EC0-301F-11D3-BF4B-00C04F79EFBC}") = "Oculus.Interaction.Editor", "Oculus.Interaction.Editor.csproj", "{21014CD0-A5ED-78F7-AEA3-7C3E0150A60F}"
EndProject
Project("{FAE04EC0-301F-11D3-BF4B-00C04F79EFBC}") = "Meta.WitAi.Conduit", "Meta.WitAi.Conduit.csproj", "{65D26663-C33D-AC8A-42F4-0E20EBA507B1}"
EndProject
Project("{FAE04EC0-301F-11D3-BF4B-00C04F79EFBC}") = "Oculus.VR", "Oculus.VR.csproj", "{85F77BF6-33EB-ABAE-D6F4-A882B2C9E879}"
EndProject
Project("{FAE04EC0-301F-11D3-BF4B-00C04F79EFBC}") = "Oculus.Interaction", "Oculus.Interaction.csproj", "{571DD487-753B-8ED7-48FC-5DAB2FB4D363}"
EndProject
Project("{FAE04EC0-301F-11D3-BF4B-00C04F79EFBC}") = "Meta.Voice.Samples.ShapesConduit", "Meta.Voice.Samples.ShapesConduit.csproj", "{930A8270-0682-9BC5-60DD-30B40F4F6FBA}"
EndProject
Project("{FAE04EC0-301F-11D3-BF4B-00C04F79EFBC}") = "Assembly-CSharp", "Assembly-CSharp.csproj", "{E74BF306-4E85-3C8E-43AF-58A08507AB99}"
EndProject
Project("{FAE04EC0-301F-11D3-BF4B-00C04F79EFBC}") = "Meta.WitAi.Editor", "Meta.WitAi.Editor.csproj", "{43FA32D4-1068-2BFD-C74B-5B6B7DADB632}"
EndProject
Project("{FAE04EC0-301F-11D3-BF4B-00C04F79EFBC}") = "Oculus.Platform", "Oculus.Platform.csproj", "{49100306-BF85-0F2F-9DD0-DA5EA3D23CC3}"
EndProject
Project("{FAE04EC0-301F-11D3-BF4B-00C04F79EFBC}") = "VoiceSDK.Telemetry", "VoiceSDK.Telemetry.csproj", "{9EF7CBBF-9B3F-6DE5-1F35-03242DBFC2CE}"
EndProject
Project("{FAE04EC0-301F-11D3-BF4B-00C04F79EFBC}") = "Meta.WitAi.Conduit.Editor", "Meta.WitAi.Conduit.Editor.csproj", "{94B5C30C-850C-BED1-578A-CA330A6661FB}"
EndProject
Project("{FAE04EC0-301F-11D3-BF4B-00C04F79EFBC}") = "Meta.WitAi", "Meta.WitAi.csproj", "{EF14B447-F76A-DBFF-D3D4-A81ECF5191AD}"
EndProject
Project("{FAE04EC0-301F-11D3-BF4B-00C04F79EFBC}") = "Oculus.Interaction.OVR.Samples", "Oculus.Interaction.OVR.Samples.csproj", "{BB606DD0-8FD9-23CE-462A-497CAC7A185B}"
EndProject
Project("{FAE04EC0-301F-11D3-BF4B-00C04F79EFBC}") = "Meta.WitAi.Lib", "Meta.WitAi.Lib.csproj", "{B4F3D410-43FE-AF5A-E45D-D07A651A2015}"
EndProject
Project("{FAE04EC0-301F-11D3-BF4B-00C04F79EFBC}") = "Oculus.VR.Editor", "Oculus.VR.Editor.csproj", "{C055A57F-BDC9-96D9-2D91-694CB0ACD2BE}"
EndProject
Project("{FAE04EC0-301F-11D3-BF4B-00C04F79EFBC}") = "Assembly-CSharp-Editor", "Assembly-CSharp-Editor.csproj", "{0CAD02D0-F116-E865-0A4E-122CD5FDCB72}"
EndProject
Project("{FAE04EC0-301F-11D3-BF4B-00C04F79EFBC}") = "Meta.Voice.Hub.Runtime", "Meta.Voice.Hub.Runtime.csproj", "{367A051E-A078-2370-015C-29AA9516C1D1}"
EndProject
Project("{FAE04EC0-301F-11D3-BF4B-00C04F79EFBC}") = "Oculus.Interaction.OVR.Editor", "Oculus.Interaction.OVR.Editor.csproj", "{0164CFFC-4120-D4F3-9C18-7D610982B8C0}"
EndProject
Project("{FAE04EC0-301F-11D3-BF4B-00C04F79EFBC}") = "VoiceSDK.Dictation.Runtime", "VoiceSDK.Dictation.Runtime.csproj", "{50D04130-B60B-6195-7FCE-BAE6CDED2962}"
EndProject
Project("{FAE04EC0-301F-11D3-BF4B-00C04F79EFBC}") = "Oculus.LipSync", "Oculus.LipSync.csproj", "{A5A60408-C162-FC3B-0CEE-8A33F95720F6}"
EndProject
Project("{FAE04EC0-301F-11D3-BF4B-00C04F79EFBC}") = "Oculus.Interaction.OVR", "Oculus.Interaction.OVR.csproj", "{E3A527C0-8C75-DAF8-050D-DE9A59A32981}"
EndProject
Project("{FAE04EC0-301F-11D3-BF4B-00C04F79EFBC}") = "Meta.Voice.Hub.Editor", "Meta.Voice.Hub.Editor.csproj", "{04A07FDA-8E37-459F-1B90-3DE2CAB7CBF2}"
EndProject
Project("{FAE04EC0-301F-11D3-BF4B-00C04F79EFBC}") = "VoiceSDK.Editor", "VoiceSDK.Editor.csproj", "{4A5A5A52-DD0E-C270-8135-4BFB401AA2BF}"
EndProject
Project("{FAE04EC0-301F-11D3-BF4B-00C04F79EFBC}") = "Meta.WitAI.Lib.Editor", "Meta.WitAI.Lib.Editor.csproj", "{2CA3E46A-DB2E-7363-A316-51CF34FE92C7}"
EndProject
Project("{FAE04EC0-301F-11D3-BF4B-00C04F79EFBC}") = "Oculus.Spatializer.Editor", "Oculus.Spatializer.Editor.csproj", "{57FE32BC-D73F-6596-B3B1-E77BBDEF0F9F}"
EndProject
Project("{FAE04EC0-301F-11D3-BF4B-00C04F79EFBC}") = "AssistantCoreSDKRuntime", "AssistantCoreSDKRuntime.csproj", "{8FAA74E8-0EF8-1460-BF1D-87C9470ED3B4}"
EndProject
Project("{FAE04EC0-301F-11D3-BF4B-00C04F79EFBC}") = "Oculus.AudioManager", "Oculus.AudioManager.csproj", "{946CD6BD-F3BB-CD2C-D9BE-3BE576B56948}"
EndProject
Project("{FAE04EC0-301F-11D3-BF4B-00C04F79EFBC}") = "VoiceSDK.Runtime", "VoiceSDK.Runtime.csproj", "{1A0C5CD3-C3F5-1A48-EB2A-0D048A1CD1E4}"
EndProject
Project("{FAE04EC0-301F-11D3-BF4B-00C04F79EFBC}") = "Facebook.Wit.Dictation", "Facebook.Wit.Dictation.csproj", "{6C5C91A5-63AE-216B-3A10-0B30AE0302D7}"
EndProject
Project("{FAE04EC0-301F-11D3-BF4B-00C04F79EFBC}") = "Meta.Voice.Samples.BuiltInTimer", "Meta.Voice.Samples.BuiltInTimer.csproj", "{F62534E5-FCDB-CFAC-F71F-6FA8F42EA948}"
EndProject
Project("{FAE04EC0-301F-11D3-BF4B-00C04F79EFBC}") = "Oculus.Platform.Editor", "Oculus.Platform.Editor.csproj", "{C8A46B6D-1682-EE1F-B47F-827EBD1E87B9}"
EndProject
Project("{FAE04EC0-301F-11D3-BF4B-00C04F79EFBC}") = "Meta.XR.BuildingBlocks.Editor", "Meta.XR.BuildingBlocks.Editor.csproj", "{DDF21DE5-14D8-6A3F-7247-56D3D95A6200}"
EndProject
Project("{FAE04EC0-301F-11D3-BF4B-00C04F79EFBC}") = "Meta.Voice.Samples.TTSVoices", "Meta.Voice.Samples.TTSVoices.csproj", "{DD176A56-47E8-970E-AD38-F084394F5D7C}"
EndProject
Project("{FAE04EC0-301F-11D3-BF4B-00C04F79EFBC}") = "Meta.Voice.VSDKHub.Editor", "Meta.Voice.VSDKHub.Editor.csproj", "{1F3222F0-E5F1-C7BB-8F61-B0C85B178E75}"
EndProject
Project("{FAE04EC0-301F-11D3-BF4B-00C04F79EFBC}") = "Meta.WitAi.TTS", "Meta.WitAi.TTS.csproj", "{92610236-FD2A-28C1-1F17-A888F27D054A}"
EndProject
Project("{FAE04EC0-301F-11D3-BF4B-00C04F79EFBC}") = "Oculus.AudioManager.Audio.Editor", "Oculus.AudioManager.Audio.Editor.csproj", "{77984928-8063-2986-5BE5-B9B03C341CE2}"
EndProject
Project("{FAE04EC0-301F-11D3-BF4B-00C04F79EFBC}") = "Meta.Voice.Samples.Chess", "Meta.Voice.Samples.Chess.csproj", "{72D3B076-AD1E-D08D-69AD-DEF807F131A3}"
EndProject
Project("{FAE04EC0-301F-11D3-BF4B-00C04F79EFBC}") = "Oculus.VR.Scripts.Editor", "Oculus.VR.Scripts.Editor.csproj", "{6B017AC0-C017-11E3-60B2-9642CB181CF9}"
EndProject
Project("{FAE04EC0-301F-11D3-BF4B-00C04F79EFBC}") = "Meta.Voice.Samples.LightTraits", "Meta.Voice.Samples.LightTraits.csproj", "{227D01E6-8CB7-0177-768B-A6AFB59B495F}"
EndProject
Project("{FAE04EC0-301F-11D3-BF4B-00C04F79EFBC}") = "Meta.Voice.Samples.Dictation", "Meta.Voice.Samples.Dictation.csproj", "{444D4294-B5C6-40D5-5CEF-D59FC37F12C0}"
EndProject
Project("{FAE04EC0-301F-11D3-BF4B-00C04F79EFBC}") = "Meta.Voice.Samples.Shapes", "Meta.Voice.Samples.Shapes.csproj", "{EAFA30C8-0461-16BE-4ECB-6865B1243BDF}"
EndProject
Project("{FAE04EC0-301F-11D3-BF4B-00C04F79EFBC}") = "Oculus.Interaction.Samples.Editor", "Oculus.Interaction.Samples.Editor.csproj", "{979B126B-4D0A-EDC9-B324-5AEB489FC927}"
EndProject
Project("{FAE04EC0-301F-11D3-BF4B-00C04F79EFBC}") = "Meta.WitAi.TTS.Editor", "Meta.WitAi.TTS.Editor.csproj", "{E64FA57C-F230-B3F6-2507-8169AE7F4168}"
EndProject
Project("{FAE04EC0-301F-11D3-BF4B-00C04F79EFBC}") = "Meta.XR.BuildingBlocks", "Meta.XR.BuildingBlocks.csproj", "{E1222AD8-DD6D-2C6E-ADEB-EBBE88D68BF0}"
EndProject
Project("{FAE04EC0-301F-11D3-BF4B-00C04F79EFBC}") = "Oculus.Spatializer", "Oculus.Spatializer.csproj", "{61CC393C-16EA-FDA7-5582-A3F4500E35B7}"
EndProject
Project("{FAE04EC0-301F-11D3-BF4B-00C04F79EFBC}") = "Oculus.LipSync.Editor", "Oculus.LipSync.Editor.csproj", "{70AD7EB0-E3CA-0544-1480-930499711CEA}"
EndProject
Project("{FAE04EC0-301F-11D3-BF4B-00C04F79EFBC}") = "Oculus.AudioManager.Utils.Editor", "Oculus.AudioManager.Utils.Editor.csproj", "{AFE49C47-4E28-E10D-89A6-27D8E2F4591D}"
EndProject
Project("{FAE04EC0-301F-11D3-BF4B-00C04F79EFBC}") = "Meta.VoiceSDK.Mic.Common", "Meta.VoiceSDK.Mic.Common.csproj", "{A72E94C8-6332-6DEB-416B-242073A3635A}"
EndProject
Project("{FAE04EC0-301F-11D3-BF4B-00C04F79EFBC}") = "VoiceSDK.Dictation.Editor", "VoiceSDK.Dictation.Editor.csproj", "{17A97BFA-2990-FB74-A5EA-0F5F7C4F7A27}"
EndProject
Project("{FAE04EC0-301F-11D3-BF4B-00C04F79EFBC}") = "Meta.VoiceSDK.Mic.Other", "Meta.VoiceSDK.Mic.Other.csproj", "{F348D970-EA42-B120-369F-EE03E898EA70}"
EndProject
Project("{FAE04EC0-301F-11D3-BF4B-00C04F79EFBC}") = "AssistantCoreSDKEditor", "AssistantCoreSDKEditor.csproj", "{3EA4F131-1B21-38D3-A329-2DF1A9B71874}"
EndProject
Project("{FAE04EC0-301F-11D3-BF4B-00C04F79EFBC}") = "Oculus.Interaction.InterfaceSupport", "Oculus.Interaction.InterfaceSupport.csproj", "{295419F3-8030-1DE5-51AA-DF310E574ABF}"
EndProject
Project("{FAE04EC0-301F-11D3-BF4B-00C04F79EFBC}") = "Meta.Voice.Samples.LiveUnderstanding", "Meta.Voice.Samples.LiveUnderstanding.csproj", "{AA5A4174-1635-7F9A-2F8B-642CAF33F748}"
EndProject
Project("{FAE04EC0-301F-11D3-BF4B-00C04F79EFBC}") = "Facebook.Wit.Dictation.Editor", "Facebook.Wit.Dictation.Editor.csproj", "{C7726F72-54AF-6FC8-1AA6-9E995F332538}"
EndProject
Project("{FAE04EC0-301F-11D3-BF4B-00C04F79EFBC}") = "Meta.VoiceSDK.Mic.WebGL", "Meta.VoiceSDK.Mic.WebGL.csproj", "{566C7E62-5028-57AF-259B-89D24AA61342}"
EndProject
Global
	GlobalSection(SolutionConfigurationPlatforms) = preSolution
		Debug|Any CPU = Debug|Any CPU
		Release|Any CPU = Release|Any CPU
	EndGlobalSection
	GlobalSection(ProjectConfigurationPlatforms) = postSolution
		{21014CD0-A5ED-78F7-AEA3-7C3E0150A60F}.Debug|Any CPU.ActiveCfg = Debug|Any CPU
		{21014CD0-A5ED-78F7-AEA3-7C3E0150A60F}.Debug|Any CPU.Build.0 = Debug|Any CPU
		{21014CD0-A5ED-78F7-AEA3-7C3E0150A60F}.Release|Any CPU.ActiveCfg = Release|Any CPU
		{21014CD0-A5ED-78F7-AEA3-7C3E0150A60F}.Release|Any CPU.Build.0 = Release|Any CPU
		{65D26663-C33D-AC8A-42F4-0E20EBA507B1}.Debug|Any CPU.ActiveCfg = Debug|Any CPU
		{65D26663-C33D-AC8A-42F4-0E20EBA507B1}.Debug|Any CPU.Build.0 = Debug|Any CPU
		{65D26663-C33D-AC8A-42F4-0E20EBA507B1}.Release|Any CPU.ActiveCfg = Release|Any CPU
		{65D26663-C33D-AC8A-42F4-0E20EBA507B1}.Release|Any CPU.Build.0 = Release|Any CPU
		{85F77BF6-33EB-ABAE-D6F4-A882B2C9E879}.Debug|Any CPU.ActiveCfg = Debug|Any CPU
		{85F77BF6-33EB-ABAE-D6F4-A882B2C9E879}.Debug|Any CPU.Build.0 = Debug|Any CPU
		{85F77BF6-33EB-ABAE-D6F4-A882B2C9E879}.Release|Any CPU.ActiveCfg = Release|Any CPU
		{85F77BF6-33EB-ABAE-D6F4-A882B2C9E879}.Release|Any CPU.Build.0 = Release|Any CPU
		{571DD487-753B-8ED7-48FC-5DAB2FB4D363}.Debug|Any CPU.ActiveCfg = Debug|Any CPU
		{571DD487-753B-8ED7-48FC-5DAB2FB4D363}.Debug|Any CPU.Build.0 = Debug|Any CPU
		{571DD487-753B-8ED7-48FC-5DAB2FB4D363}.Release|Any CPU.ActiveCfg = Release|Any CPU
		{571DD487-753B-8ED7-48FC-5DAB2FB4D363}.Release|Any CPU.Build.0 = Release|Any CPU
		{930A8270-0682-9BC5-60DD-30B40F4F6FBA}.Debug|Any CPU.ActiveCfg = Debug|Any CPU
		{930A8270-0682-9BC5-60DD-30B40F4F6FBA}.Debug|Any CPU.Build.0 = Debug|Any CPU
		{930A8270-0682-9BC5-60DD-30B40F4F6FBA}.Release|Any CPU.ActiveCfg = Release|Any CPU
		{930A8270-0682-9BC5-60DD-30B40F4F6FBA}.Release|Any CPU.Build.0 = Release|Any CPU
		{E74BF306-4E85-3C8E-43AF-58A08507AB99}.Debug|Any CPU.ActiveCfg = Debug|Any CPU
		{E74BF306-4E85-3C8E-43AF-58A08507AB99}.Debug|Any CPU.Build.0 = Debug|Any CPU
		{E74BF306-4E85-3C8E-43AF-58A08507AB99}.Release|Any CPU.ActiveCfg = Release|Any CPU
		{E74BF306-4E85-3C8E-43AF-58A08507AB99}.Release|Any CPU.Build.0 = Release|Any CPU
		{43FA32D4-1068-2BFD-C74B-5B6B7DADB632}.Debug|Any CPU.ActiveCfg = Debug|Any CPU
		{43FA32D4-1068-2BFD-C74B-5B6B7DADB632}.Debug|Any CPU.Build.0 = Debug|Any CPU
		{43FA32D4-1068-2BFD-C74B-5B6B7DADB632}.Release|Any CPU.ActiveCfg = Release|Any CPU
		{43FA32D4-1068-2BFD-C74B-5B6B7DADB632}.Release|Any CPU.Build.0 = Release|Any CPU
		{49100306-BF85-0F2F-9DD0-DA5EA3D23CC3}.Debug|Any CPU.ActiveCfg = Debug|Any CPU
		{49100306-BF85-0F2F-9DD0-DA5EA3D23CC3}.Debug|Any CPU.Build.0 = Debug|Any CPU
		{49100306-BF85-0F2F-9DD0-DA5EA3D23CC3}.Release|Any CPU.ActiveCfg = Release|Any CPU
		{49100306-BF85-0F2F-9DD0-DA5EA3D23CC3}.Release|Any CPU.Build.0 = Release|Any CPU
		{9EF7CBBF-9B3F-6DE5-1F35-03242DBFC2CE}.Debug|Any CPU.ActiveCfg = Debug|Any CPU
		{9EF7CBBF-9B3F-6DE5-1F35-03242DBFC2CE}.Debug|Any CPU.Build.0 = Debug|Any CPU
		{9EF7CBBF-9B3F-6DE5-1F35-03242DBFC2CE}.Release|Any CPU.ActiveCfg = Release|Any CPU
		{9EF7CBBF-9B3F-6DE5-1F35-03242DBFC2CE}.Release|Any CPU.Build.0 = Release|Any CPU
		{94B5C30C-850C-BED1-578A-CA330A6661FB}.Debug|Any CPU.ActiveCfg = Debug|Any CPU
		{94B5C30C-850C-BED1-578A-CA330A6661FB}.Debug|Any CPU.Build.0 = Debug|Any CPU
		{94B5C30C-850C-BED1-578A-CA330A6661FB}.Release|Any CPU.ActiveCfg = Release|Any CPU
		{94B5C30C-850C-BED1-578A-CA330A6661FB}.Release|Any CPU.Build.0 = Release|Any CPU
		{EF14B447-F76A-DBFF-D3D4-A81ECF5191AD}.Debug|Any CPU.ActiveCfg = Debug|Any CPU
		{EF14B447-F76A-DBFF-D3D4-A81ECF5191AD}.Debug|Any CPU.Build.0 = Debug|Any CPU
		{EF14B447-F76A-DBFF-D3D4-A81ECF5191AD}.Release|Any CPU.ActiveCfg = Release|Any CPU
		{EF14B447-F76A-DBFF-D3D4-A81ECF5191AD}.Release|Any CPU.Build.0 = Release|Any CPU
		{BB606DD0-8FD9-23CE-462A-497CAC7A185B}.Debug|Any CPU.ActiveCfg = Debug|Any CPU
		{BB606DD0-8FD9-23CE-462A-497CAC7A185B}.Debug|Any CPU.Build.0 = Debug|Any CPU
		{BB606DD0-8FD9-23CE-462A-497CAC7A185B}.Release|Any CPU.ActiveCfg = Release|Any CPU
		{BB606DD0-8FD9-23CE-462A-497CAC7A185B}.Release|Any CPU.Build.0 = Release|Any CPU
		{B4F3D410-43FE-AF5A-E45D-D07A651A2015}.Debug|Any CPU.ActiveCfg = Debug|Any CPU
		{B4F3D410-43FE-AF5A-E45D-D07A651A2015}.Debug|Any CPU.Build.0 = Debug|Any CPU
		{B4F3D410-43FE-AF5A-E45D-D07A651A2015}.Release|Any CPU.ActiveCfg = Release|Any CPU
		{B4F3D410-43FE-AF5A-E45D-D07A651A2015}.Release|Any CPU.Build.0 = Release|Any CPU
		{C055A57F-BDC9-96D9-2D91-694CB0ACD2BE}.Debug|Any CPU.ActiveCfg = Debug|Any CPU
		{C055A57F-BDC9-96D9-2D91-694CB0ACD2BE}.Debug|Any CPU.Build.0 = Debug|Any CPU
		{C055A57F-BDC9-96D9-2D91-694CB0ACD2BE}.Release|Any CPU.ActiveCfg = Release|Any CPU
		{C055A57F-BDC9-96D9-2D91-694CB0ACD2BE}.Release|Any CPU.Build.0 = Release|Any CPU
		{0CAD02D0-F116-E865-0A4E-122CD5FDCB72}.Debug|Any CPU.ActiveCfg = Debug|Any CPU
		{0CAD02D0-F116-E865-0A4E-122CD5FDCB72}.Debug|Any CPU.Build.0 = Debug|Any CPU
		{0CAD02D0-F116-E865-0A4E-122CD5FDCB72}.Release|Any CPU.ActiveCfg = Release|Any CPU
		{0CAD02D0-F116-E865-0A4E-122CD5FDCB72}.Release|Any CPU.Build.0 = Release|Any CPU
		{367A051E-A078-2370-015C-29AA9516C1D1}.Debug|Any CPU.ActiveCfg = Debug|Any CPU
		{367A051E-A078-2370-015C-29AA9516C1D1}.Debug|Any CPU.Build.0 = Debug|Any CPU
		{367A051E-A078-2370-015C-29AA9516C1D1}.Release|Any CPU.ActiveCfg = Release|Any CPU
		{367A051E-A078-2370-015C-29AA9516C1D1}.Release|Any CPU.Build.0 = Release|Any CPU
		{0164CFFC-4120-D4F3-9C18-7D610982B8C0}.Debug|Any CPU.ActiveCfg = Debug|Any CPU
		{0164CFFC-4120-D4F3-9C18-7D610982B8C0}.Debug|Any CPU.Build.0 = Debug|Any CPU
		{0164CFFC-4120-D4F3-9C18-7D610982B8C0}.Release|Any CPU.ActiveCfg = Release|Any CPU
		{0164CFFC-4120-D4F3-9C18-7D610982B8C0}.Release|Any CPU.Build.0 = Release|Any CPU
		{50D04130-B60B-6195-7FCE-BAE6CDED2962}.Debug|Any CPU.ActiveCfg = Debug|Any CPU
		{50D04130-B60B-6195-7FCE-BAE6CDED2962}.Debug|Any CPU.Build.0 = Debug|Any CPU
		{50D04130-B60B-6195-7FCE-BAE6CDED2962}.Release|Any CPU.ActiveCfg = Release|Any CPU
		{50D04130-B60B-6195-7FCE-BAE6CDED2962}.Release|Any CPU.Build.0 = Release|Any CPU
		{A5A60408-C162-FC3B-0CEE-8A33F95720F6}.Debug|Any CPU.ActiveCfg = Debug|Any CPU
		{A5A60408-C162-FC3B-0CEE-8A33F95720F6}.Debug|Any CPU.Build.0 = Debug|Any CPU
		{A5A60408-C162-FC3B-0CEE-8A33F95720F6}.Release|Any CPU.ActiveCfg = Release|Any CPU
		{A5A60408-C162-FC3B-0CEE-8A33F95720F6}.Release|Any CPU.Build.0 = Release|Any CPU
		{E3A527C0-8C75-DAF8-050D-DE9A59A32981}.Debug|Any CPU.ActiveCfg = Debug|Any CPU
		{E3A527C0-8C75-DAF8-050D-DE9A59A32981}.Debug|Any CPU.Build.0 = Debug|Any CPU
		{E3A527C0-8C75-DAF8-050D-DE9A59A32981}.Release|Any CPU.ActiveCfg = Release|Any CPU
		{E3A527C0-8C75-DAF8-050D-DE9A59A32981}.Release|Any CPU.Build.0 = Release|Any CPU
		{04A07FDA-8E37-459F-1B90-3DE2CAB7CBF2}.Debug|Any CPU.ActiveCfg = Debug|Any CPU
		{04A07FDA-8E37-459F-1B90-3DE2CAB7CBF2}.Debug|Any CPU.Build.0 = Debug|Any CPU
		{04A07FDA-8E37-459F-1B90-3DE2CAB7CBF2}.Release|Any CPU.ActiveCfg = Release|Any CPU
		{04A07FDA-8E37-459F-1B90-3DE2CAB7CBF2}.Release|Any CPU.Build.0 = Release|Any CPU
		{4A5A5A52-DD0E-C270-8135-4BFB401AA2BF}.Debug|Any CPU.ActiveCfg = Debug|Any CPU
		{4A5A5A52-DD0E-C270-8135-4BFB401AA2BF}.Debug|Any CPU.Build.0 = Debug|Any CPU
		{4A5A5A52-DD0E-C270-8135-4BFB401AA2BF}.Release|Any CPU.ActiveCfg = Release|Any CPU
		{4A5A5A52-DD0E-C270-8135-4BFB401AA2BF}.Release|Any CPU.Build.0 = Release|Any CPU
		{2CA3E46A-DB2E-7363-A316-51CF34FE92C7}.Debug|Any CPU.ActiveCfg = Debug|Any CPU
		{2CA3E46A-DB2E-7363-A316-51CF34FE92C7}.Debug|Any CPU.Build.0 = Debug|Any CPU
		{2CA3E46A-DB2E-7363-A316-51CF34FE92C7}.Release|Any CPU.ActiveCfg = Release|Any CPU
		{2CA3E46A-DB2E-7363-A316-51CF34FE92C7}.Release|Any CPU.Build.0 = Release|Any CPU
		{57FE32BC-D73F-6596-B3B1-E77BBDEF0F9F}.Debug|Any CPU.ActiveCfg = Debug|Any CPU
		{57FE32BC-D73F-6596-B3B1-E77BBDEF0F9F}.Debug|Any CPU.Build.0 = Debug|Any CPU
		{57FE32BC-D73F-6596-B3B1-E77BBDEF0F9F}.Release|Any CPU.ActiveCfg = Release|Any CPU
		{57FE32BC-D73F-6596-B3B1-E77BBDEF0F9F}.Release|Any CPU.Build.0 = Release|Any CPU
		{8FAA74E8-0EF8-1460-BF1D-87C9470ED3B4}.Debug|Any CPU.ActiveCfg = Debug|Any CPU
		{8FAA74E8-0EF8-1460-BF1D-87C9470ED3B4}.Debug|Any CPU.Build.0 = Debug|Any CPU
		{8FAA74E8-0EF8-1460-BF1D-87C9470ED3B4}.Release|Any CPU.ActiveCfg = Release|Any CPU
		{8FAA74E8-0EF8-1460-BF1D-87C9470ED3B4}.Release|Any CPU.Build.0 = Release|Any CPU
		{946CD6BD-F3BB-CD2C-D9BE-3BE576B56948}.Debug|Any CPU.ActiveCfg = Debug|Any CPU
		{946CD6BD-F3BB-CD2C-D9BE-3BE576B56948}.Debug|Any CPU.Build.0 = Debug|Any CPU
		{946CD6BD-F3BB-CD2C-D9BE-3BE576B56948}.Release|Any CPU.ActiveCfg = Release|Any CPU
		{946CD6BD-F3BB-CD2C-D9BE-3BE576B56948}.Release|Any CPU.Build.0 = Release|Any CPU
		{1A0C5CD3-C3F5-1A48-EB2A-0D048A1CD1E4}.Debug|Any CPU.ActiveCfg = Debug|Any CPU
		{1A0C5CD3-C3F5-1A48-EB2A-0D048A1CD1E4}.Debug|Any CPU.Build.0 = Debug|Any CPU
		{1A0C5CD3-C3F5-1A48-EB2A-0D048A1CD1E4}.Release|Any CPU.ActiveCfg = Release|Any CPU
		{1A0C5CD3-C3F5-1A48-EB2A-0D048A1CD1E4}.Release|Any CPU.Build.0 = Release|Any CPU
		{6C5C91A5-63AE-216B-3A10-0B30AE0302D7}.Debug|Any CPU.ActiveCfg = Debug|Any CPU
		{6C5C91A5-63AE-216B-3A10-0B30AE0302D7}.Debug|Any CPU.Build.0 = Debug|Any CPU
		{6C5C91A5-63AE-216B-3A10-0B30AE0302D7}.Release|Any CPU.ActiveCfg = Release|Any CPU
		{6C5C91A5-63AE-216B-3A10-0B30AE0302D7}.Release|Any CPU.Build.0 = Release|Any CPU
		{F62534E5-FCDB-CFAC-F71F-6FA8F42EA948}.Debug|Any CPU.ActiveCfg = Debug|Any CPU
		{F62534E5-FCDB-CFAC-F71F-6FA8F42EA948}.Debug|Any CPU.Build.0 = Debug|Any CPU
		{F62534E5-FCDB-CFAC-F71F-6FA8F42EA948}.Release|Any CPU.ActiveCfg = Release|Any CPU
		{F62534E5-FCDB-CFAC-F71F-6FA8F42EA948}.Release|Any CPU.Build.0 = Release|Any CPU
		{C8A46B6D-1682-EE1F-B47F-827EBD1E87B9}.Debug|Any CPU.ActiveCfg = Debug|Any CPU
		{C8A46B6D-1682-EE1F-B47F-827EBD1E87B9}.Debug|Any CPU.Build.0 = Debug|Any CPU
		{C8A46B6D-1682-EE1F-B47F-827EBD1E87B9}.Release|Any CPU.ActiveCfg = Release|Any CPU
		{C8A46B6D-1682-EE1F-B47F-827EBD1E87B9}.Release|Any CPU.Build.0 = Release|Any CPU
		{DDF21DE5-14D8-6A3F-7247-56D3D95A6200}.Debug|Any CPU.ActiveCfg = Debug|Any CPU
		{DDF21DE5-14D8-6A3F-7247-56D3D95A6200}.Debug|Any CPU.Build.0 = Debug|Any CPU
		{DDF21DE5-14D8-6A3F-7247-56D3D95A6200}.Release|Any CPU.ActiveCfg = Release|Any CPU
		{DDF21DE5-14D8-6A3F-7247-56D3D95A6200}.Release|Any CPU.Build.0 = Release|Any CPU
		{DD176A56-47E8-970E-AD38-F084394F5D7C}.Debug|Any CPU.ActiveCfg = Debug|Any CPU
		{DD176A56-47E8-970E-AD38-F084394F5D7C}.Debug|Any CPU.Build.0 = Debug|Any CPU
		{DD176A56-47E8-970E-AD38-F084394F5D7C}.Release|Any CPU.ActiveCfg = Release|Any CPU
		{DD176A56-47E8-970E-AD38-F084394F5D7C}.Release|Any CPU.Build.0 = Release|Any CPU
		{1F3222F0-E5F1-C7BB-8F61-B0C85B178E75}.Debug|Any CPU.ActiveCfg = Debug|Any CPU
		{1F3222F0-E5F1-C7BB-8F61-B0C85B178E75}.Debug|Any CPU.Build.0 = Debug|Any CPU
		{1F3222F0-E5F1-C7BB-8F61-B0C85B178E75}.Release|Any CPU.ActiveCfg = Release|Any CPU
		{1F3222F0-E5F1-C7BB-8F61-B0C85B178E75}.Release|Any CPU.Build.0 = Release|Any CPU
		{92610236-FD2A-28C1-1F17-A888F27D054A}.Debug|Any CPU.ActiveCfg = Debug|Any CPU
		{92610236-FD2A-28C1-1F17-A888F27D054A}.Debug|Any CPU.Build.0 = Debug|Any CPU
		{92610236-FD2A-28C1-1F17-A888F27D054A}.Release|Any CPU.ActiveCfg = Release|Any CPU
		{92610236-FD2A-28C1-1F17-A888F27D054A}.Release|Any CPU.Build.0 = Release|Any CPU
		{77984928-8063-2986-5BE5-B9B03C341CE2}.Debug|Any CPU.ActiveCfg = Debug|Any CPU
		{77984928-8063-2986-5BE5-B9B03C341CE2}.Debug|Any CPU.Build.0 = Debug|Any CPU
		{77984928-8063-2986-5BE5-B9B03C341CE2}.Release|Any CPU.ActiveCfg = Release|Any CPU
		{77984928-8063-2986-5BE5-B9B03C341CE2}.Release|Any CPU.Build.0 = Release|Any CPU
		{72D3B076-AD1E-D08D-69AD-DEF807F131A3}.Debug|Any CPU.ActiveCfg = Debug|Any CPU
		{72D3B076-AD1E-D08D-69AD-DEF807F131A3}.Debug|Any CPU.Build.0 = Debug|Any CPU
		{72D3B076-AD1E-D08D-69AD-DEF807F131A3}.Release|Any CPU.ActiveCfg = Release|Any CPU
		{72D3B076-AD1E-D08D-69AD-DEF807F131A3}.Release|Any CPU.Build.0 = Release|Any CPU
		{6B017AC0-C017-11E3-60B2-9642CB181CF9}.Debug|Any CPU.ActiveCfg = Debug|Any CPU
		{6B017AC0-C017-11E3-60B2-9642CB181CF9}.Debug|Any CPU.Build.0 = Debug|Any CPU
		{6B017AC0-C017-11E3-60B2-9642CB181CF9}.Release|Any CPU.ActiveCfg = Release|Any CPU
		{6B017AC0-C017-11E3-60B2-9642CB181CF9}.Release|Any CPU.Build.0 = Release|Any CPU
		{227D01E6-8CB7-0177-768B-A6AFB59B495F}.Debug|Any CPU.ActiveCfg = Debug|Any CPU
		{227D01E6-8CB7-0177-768B-A6AFB59B495F}.Debug|Any CPU.Build.0 = Debug|Any CPU
		{227D01E6-8CB7-0177-768B-A6AFB59B495F}.Release|Any CPU.ActiveCfg = Release|Any CPU
		{227D01E6-8CB7-0177-768B-A6AFB59B495F}.Release|Any CPU.Build.0 = Release|Any CPU
		{444D4294-B5C6-40D5-5CEF-D59FC37F12C0}.Debug|Any CPU.ActiveCfg = Debug|Any CPU
		{444D4294-B5C6-40D5-5CEF-D59FC37F12C0}.Debug|Any CPU.Build.0 = Debug|Any CPU
		{444D4294-B5C6-40D5-5CEF-D59FC37F12C0}.Release|Any CPU.ActiveCfg = Release|Any CPU
		{444D4294-B5C6-40D5-5CEF-D59FC37F12C0}.Release|Any CPU.Build.0 = Release|Any CPU
		{EAFA30C8-0461-16BE-4ECB-6865B1243BDF}.Debug|Any CPU.ActiveCfg = Debug|Any CPU
		{EAFA30C8-0461-16BE-4ECB-6865B1243BDF}.Debug|Any CPU.Build.0 = Debug|Any CPU
		{EAFA30C8-0461-16BE-4ECB-6865B1243BDF}.Release|Any CPU.ActiveCfg = Release|Any CPU
		{EAFA30C8-0461-16BE-4ECB-6865B1243BDF}.Release|Any CPU.Build.0 = Release|Any CPU
		{979B126B-4D0A-EDC9-B324-5AEB489FC927}.Debug|Any CPU.ActiveCfg = Debug|Any CPU
		{979B126B-4D0A-EDC9-B324-5AEB489FC927}.Debug|Any CPU.Build.0 = Debug|Any CPU
		{979B126B-4D0A-EDC9-B324-5AEB489FC927}.Release|Any CPU.ActiveCfg = Release|Any CPU
		{979B126B-4D0A-EDC9-B324-5AEB489FC927}.Release|Any CPU.Build.0 = Release|Any CPU
		{E64FA57C-F230-B3F6-2507-8169AE7F4168}.Debug|Any CPU.ActiveCfg = Debug|Any CPU
		{E64FA57C-F230-B3F6-2507-8169AE7F4168}.Debug|Any CPU.Build.0 = Debug|Any CPU
		{E64FA57C-F230-B3F6-2507-8169AE7F4168}.Release|Any CPU.ActiveCfg = Release|Any CPU
		{E64FA57C-F230-B3F6-2507-8169AE7F4168}.Release|Any CPU.Build.0 = Release|Any CPU
		{E1222AD8-DD6D-2C6E-ADEB-EBBE88D68BF0}.Debug|Any CPU.ActiveCfg = Debug|Any CPU
		{E1222AD8-DD6D-2C6E-ADEB-EBBE88D68BF0}.Debug|Any CPU.Build.0 = Debug|Any CPU
		{E1222AD8-DD6D-2C6E-ADEB-EBBE88D68BF0}.Release|Any CPU.ActiveCfg = Release|Any CPU
		{E1222AD8-DD6D-2C6E-ADEB-EBBE88D68BF0}.Release|Any CPU.Build.0 = Release|Any CPU
		{61CC393C-16EA-FDA7-5582-A3F4500E35B7}.Debug|Any CPU.ActiveCfg = Debug|Any CPU
		{61CC393C-16EA-FDA7-5582-A3F4500E35B7}.Debug|Any CPU.Build.0 = Debug|Any CPU
		{61CC393C-16EA-FDA7-5582-A3F4500E35B7}.Release|Any CPU.ActiveCfg = Release|Any CPU
		{61CC393C-16EA-FDA7-5582-A3F4500E35B7}.Release|Any CPU.Build.0 = Release|Any CPU
		{70AD7EB0-E3CA-0544-1480-930499711CEA}.Debug|Any CPU.ActiveCfg = Debug|Any CPU
		{70AD7EB0-E3CA-0544-1480-930499711CEA}.Debug|Any CPU.Build.0 = Debug|Any CPU
		{70AD7EB0-E3CA-0544-1480-930499711CEA}.Release|Any CPU.ActiveCfg = Release|Any CPU
		{70AD7EB0-E3CA-0544-1480-930499711CEA}.Release|Any CPU.Build.0 = Release|Any CPU
		{AFE49C47-4E28-E10D-89A6-27D8E2F4591D}.Debug|Any CPU.ActiveCfg = Debug|Any CPU
		{AFE49C47-4E28-E10D-89A6-27D8E2F4591D}.Debug|Any CPU.Build.0 = Debug|Any CPU
		{AFE49C47-4E28-E10D-89A6-27D8E2F4591D}.Release|Any CPU.ActiveCfg = Release|Any CPU
		{AFE49C47-4E28-E10D-89A6-27D8E2F4591D}.Release|Any CPU.Build.0 = Release|Any CPU
		{A72E94C8-6332-6DEB-416B-242073A3635A}.Debug|Any CPU.ActiveCfg = Debug|Any CPU
		{A72E94C8-6332-6DEB-416B-242073A3635A}.Debug|Any CPU.Build.0 = Debug|Any CPU
		{A72E94C8-6332-6DEB-416B-242073A3635A}.Release|Any CPU.ActiveCfg = Release|Any CPU
		{A72E94C8-6332-6DEB-416B-242073A3635A}.Release|Any CPU.Build.0 = Release|Any CPU
		{17A97BFA-2990-FB74-A5EA-0F5F7C4F7A27}.Debug|Any CPU.ActiveCfg = Debug|Any CPU
		{17A97BFA-2990-FB74-A5EA-0F5F7C4F7A27}.Debug|Any CPU.Build.0 = Debug|Any CPU
		{17A97BFA-2990-FB74-A5EA-0F5F7C4F7A27}.Release|Any CPU.ActiveCfg = Release|Any CPU
		{17A97BFA-2990-FB74-A5EA-0F5F7C4F7A27}.Release|Any CPU.Build.0 = Release|Any CPU
		{F348D970-EA42-B120-369F-EE03E898EA70}.Debug|Any CPU.ActiveCfg = Debug|Any CPU
		{F348D970-EA42-B120-369F-EE03E898EA70}.Debug|Any CPU.Build.0 = Debug|Any CPU
		{F348D970-EA42-B120-369F-EE03E898EA70}.Release|Any CPU.ActiveCfg = Release|Any CPU
		{F348D970-EA42-B120-369F-EE03E898EA70}.Release|Any CPU.Build.0 = Release|Any CPU
		{3EA4F131-1B21-38D3-A329-2DF1A9B71874}.Debug|Any CPU.ActiveCfg = Debug|Any CPU
		{3EA4F131-1B21-38D3-A329-2DF1A9B71874}.Debug|Any CPU.Build.0 = Debug|Any CPU
		{3EA4F131-1B21-38D3-A329-2DF1A9B71874}.Release|Any CPU.ActiveCfg = Release|Any CPU
		{3EA4F131-1B21-38D3-A329-2DF1A9B71874}.Release|Any CPU.Build.0 = Release|Any CPU
		{295419F3-8030-1DE5-51AA-DF310E574ABF}.Debug|Any CPU.ActiveCfg = Debug|Any CPU
		{295419F3-8030-1DE5-51AA-DF310E574ABF}.Debug|Any CPU.Build.0 = Debug|Any CPU
		{295419F3-8030-1DE5-51AA-DF310E574ABF}.Release|Any CPU.ActiveCfg = Release|Any CPU
		{295419F3-8030-1DE5-51AA-DF310E574ABF}.Release|Any CPU.Build.0 = Release|Any CPU
		{AA5A4174-1635-7F9A-2F8B-642CAF33F748}.Debug|Any CPU.ActiveCfg = Debug|Any CPU
		{AA5A4174-1635-7F9A-2F8B-642CAF33F748}.Debug|Any CPU.Build.0 = Debug|Any CPU
		{AA5A4174-1635-7F9A-2F8B-642CAF33F748}.Release|Any CPU.ActiveCfg = Release|Any CPU
		{AA5A4174-1635-7F9A-2F8B-642CAF33F748}.Release|Any CPU.Build.0 = Release|Any CPU
		{C7726F72-54AF-6FC8-1AA6-9E995F332538}.Debug|Any CPU.ActiveCfg = Debug|Any CPU
		{C7726F72-54AF-6FC8-1AA6-9E995F332538}.Debug|Any CPU.Build.0 = Debug|Any CPU
		{C7726F72-54AF-6FC8-1AA6-9E995F332538}.Release|Any CPU.ActiveCfg = Release|Any CPU
		{C7726F72-54AF-6FC8-1AA6-9E995F332538}.Release|Any CPU.Build.0 = Release|Any CPU
		{566C7E62-5028-57AF-259B-89D24AA61342}.Debug|Any CPU.ActiveCfg = Debug|Any CPU
		{566C7E62-5028-57AF-259B-89D24AA61342}.Debug|Any CPU.Build.0 = Debug|Any CPU
		{566C7E62-5028-57AF-259B-89D24AA61342}.Release|Any CPU.ActiveCfg = Release|Any CPU
		{566C7E62-5028-57AF-259B-89D24AA61342}.Release|Any CPU.Build.0 = Release|Any CPU
	EndGlobalSection
	GlobalSection(SolutionProperties) = preSolution
		HideSolutionNode = FALSE
	EndGlobalSection
EndGlobal
